
Microsoft Visual Studio Solution File, Format Version 12.00
# Visual Studio Version 16
VisualStudioVersion = 16.0.29905.134
MinimumVisualStudioVersion = 10.0.40219.1
Project("{9A19103F-16F7-4668-BE54-9A1E7A4F7556}") = "Task 1", "Task 1\Task 1.csproj", "{B91484E5-9C2B-4757-8BF5-3E3963B90DF8}"
EndProject
Project("{9A19103F-16F7-4668-BE54-9A1E7A4F7556}") = "Task 2", "Task 2\Task 2.csproj", "{5950F891-54D8-4F9C-8AB8-9FE8F5534068}"
EndProject
Project("{FAE04EC0-301F-11D3-BF4B-00C04F79EFBC}") = "Task 3", "Task 3\Task 3.csproj", "{70CF5A71-5D72-4372-8497-A03E5DCD5749}"
EndProject
Global
	GlobalSection(SolutionConfigurationPlatforms) = preSolution
		Debug|Any CPU = Debug|Any CPU
		Release|Any CPU = Release|Any CPU
	EndGlobalSection
	GlobalSection(ProjectConfigurationPlatforms) = postSolution
		{B91484E5-9C2B-4757-8BF5-3E3963B90DF8}.Debug|Any CPU.ActiveCfg = Debug|Any CPU
		{B91484E5-9C2B-4757-8BF5-3E3963B90DF8}.Debug|Any CPU.Build.0 = Debug|Any CPU
		{B91484E5-9C2B-4757-8BF5-3E3963B90DF8}.Release|Any CPU.ActiveCfg = Release|Any CPU
		{B91484E5-9C2B-4757-8BF5-3E3963B90DF8}.Release|Any CPU.Build.0 = Release|Any CPU
		{5950F891-54D8-4F9C-8AB8-9FE8F5534068}.Debug|Any CPU.ActiveCfg = Debug|Any CPU
		{5950F891-54D8-4F9C-8AB8-9FE8F5534068}.Debug|Any CPU.Build.0 = Debug|Any CPU
		{5950F891-54D8-4F9C-8AB8-9FE8F5534068}.Release|Any CPU.ActiveCfg = Release|Any CPU
		{5950F891-54D8-4F9C-8AB8-9FE8F5534068}.Release|Any CPU.Build.0 = Release|Any CPU
		{70CF5A71-5D72-4372-8497-A03E5DCD5749}.Debug|Any CPU.ActiveCfg = Debug|Any CPU
		{70CF5A71-5D72-4372-8497-A03E5DCD5749}.Debug|Any CPU.Build.0 = Debug|Any CPU
		{70CF5A71-5D72-4372-8497-A03E5DCD5749}.Release|Any CPU.ActiveCfg = Release|Any CPU
		{70CF5A71-5D72-4372-8497-A03E5DCD5749}.Release|Any CPU.Build.0 = Release|Any CPU
	EndGlobalSection
	GlobalSection(SolutionProperties) = preSolution
		HideSolutionNode = FALSE
	EndGlobalSection
	GlobalSection(ExtensibilityGlobals) = postSolution
		SolutionGuid = {80D6661D-AF89-412A-A36E-5E725716EE29}
	EndGlobalSection
EndGlobal
